Microsoft Visual Studio Solution File, Format Version 12.00
# Visual Studio Version 18
VisualStudioVersion = 18.0.11109.219
MinimumVisualStudioVersion = 10.0.40219.1
Project("{FAE04EC0-301F-11D3-BF4B-00C04F79EFBC}") = "RedMist.TimingAndScoringService.Tests", "RedMist.TimingAndScoringService.Tests\RedMist.TimingAndScoringService.Tests.csproj", "{05089F2B-9FF2-4E05-BA12-0B37E120F764}"
EndProject
Project("{FAE04EC0-301F-11D3-BF4B-00C04F79EFBC}") = "RedMist.Database", "RedMist.Database\RedMist.Database.csproj", "{BAB69F74-D629-42A6-95C2-18433289F2E0}"
EndProject
Project("{FAE04EC0-301F-11D3-BF4B-00C04F79EFBC}") = "RedMist.EventManagement", "RedMist.EventManagement\RedMist.EventManagement.csproj", "{78B5BB75-2FD2-6626-88D0-1B6C3D7BF961}"
EndProject
Project("{FAE04EC0-301F-11D3-BF4B-00C04F79EFBC}") = "RedMist.ControlLogs", "RedMist.ControlLogs\RedMist.ControlLogs.csproj", "{2C960C44-2278-496C-894B-D28D69592575}"
EndProject
Project("{FAE04EC0-301F-11D3-BF4B-00C04F79EFBC}") = "RedMist.UserManagement", "RedMist.UserManagement\RedMist.UserManagement.csproj", "{CAB8CA9F-5E9D-4FCF-A62A-1717B4C390A9}"
EndProject
Project("{2150E333-8FDC-42A3-9474-1A3956D46DE8}") = "Solution Items", "Solution Items", "{696EBD40-9305-47DD-9392-3AE967E93E09}"
	ProjectSection(SolutionItems) = preProject
		build-docs.ps1 = build-docs.ps1
		.github\workflows\build.yml = .github\workflows\build.yml
		docfx.json = docfx.json
		.github\workflows\docs.yml = .github\workflows\docs.yml
		LICENSE.txt = LICENSE.txt
		.github\workflows\publish.yml = .github\workflows\publish.yml
		README.md = README.md
		serve-docs.ps1 = serve-docs.ps1
		toc.yml = toc.yml
		version = version
	EndProjectSection
EndProject
Project("{FAE04EC0-301F-11D3-BF4B-00C04F79EFBC}") = "RedMist.Backend.Shared", "RedMist.Backend.Shared\RedMist.Backend.Shared.csproj", "{AFE89D3C-46B6-4059-BF4B-4C5FA93FF81B}"
EndProject
Project("{FAE04EC0-301F-11D3-BF4B-00C04F79EFBC}") = "RedMist.StatusApi", "RedMist.StatusApi\RedMist.StatusApi.csproj", "{C33A3A61-0EAB-466F-8688-FA23F4347B69}"
EndProject
Project("{FAE04EC0-301F-11D3-BF4B-00C04F79EFBC}") = "RedMist.EventOrchestration", "RedMist.EventOrchestration\RedMist.EventOrchestration.csproj", "{AF6BF021-A53E-406B-BBB1-AED72B8D0E44}"
EndProject
Project("{FAE04EC0-301F-11D3-BF4B-00C04F79EFBC}") = "RedMist.ControlLogProcessor", "RedMist.ControlLogProcessor\RedMist.ControlLogProcessor.csproj", "{C4D9C3D1-F625-4B8E-97CA-50CA64EB9876}"
EndProject
Project("{FAE04EC0-301F-11D3-BF4B-00C04F79EFBC}") = "RedMist.EventLogger", "RedMist.EventLogger\RedMist.EventLogger.csproj", "{3FBA7CDD-0E88-4664-B205-C1216015DC21}"
EndProject
Project("{FAE04EC0-301F-11D3-BF4B-00C04F79EFBC}") = "RedMist.RelayApi", "RedMist.RelayApi\RedMist.RelayApi.csproj", "{4FF64448-E4D8-4718-9579-619FB4F03276}"
EndProject
Project("{FAE04EC0-301F-11D3-BF4B-00C04F79EFBC}") = "RedMist.DatabaseMigrationRunner", "RedMist.DatabaseMigrationRunner\RedMist.DatabaseMigrationRunner.csproj", "{C5962389-7120-4061-B4B2-9E13B1C332E8}"
EndProject
Project("{2150E333-8FDC-42A3-9474-1A3956D46DE8}") = "articles", "articles", "{2C0D996B-F470-44D2-B045-3580249455B1}"
	ProjectSection(SolutionItems) = preProject
		articles\architecture.md = articles\architecture.md
		articles\authentication.md = articles\authentication.md
		articles\getting-started.md = articles\getting-started.md
		articles\signalr-hubs.md = articles\signalr-hubs.md
		articles\toc.yml = articles\toc.yml
	EndProjectSection
EndProject
Project("{2150E333-8FDC-42A3-9474-1A3956D46DE8}") = "samples", "samples", "{19FD202B-0205-4250-9FB9-9D728241FB5D}"
EndProject
Project("{FAE04EC0-301F-11D3-BF4B-00C04F79EFBC}") = "RedMist.ExternalDataCollection", "RedMist.ExternalDataCollection\RedMist.ExternalDataCollection.csproj", "{EDA3E483-4FC9-DDCD-0278-2216011F27C6}"
EndProject
Project("{FAE04EC0-301F-11D3-BF4B-00C04F79EFBC}") = "RedMist.EventProcessor", "RedMist.EventProcessor\RedMist.EventProcessor.csproj", "{16ADBCA9-4667-4A46-348A-07FF2C80984D}"
EndProject
Project("{FAE04EC0-301F-11D3-BF4B-00C04F79EFBC}") = "RedMist.SampleProject", "samples\RedMist.SampleProject\RedMist.SampleProject.csproj", "{8520E7F9-016A-85CF-272F-4E9F7365F45A}"
EndProject
Project("{2150E333-8FDC-42A3-9474-1A3956D46DE8}") = "utilities", "utilities", "{9A872EE1-4945-4299-8485-11425E9B25DC}"
EndProject
Project("{FAE04EC0-301F-11D3-BF4B-00C04F79EFBC}") = "RedMist.MoveLogosToCdn", "RedMist.MoveLogosToCdn\RedMist.MoveLogosToCdn.csproj", "{AA946B3E-8C7E-4FFD-BF70-FDD844327880}"
EndProject
Global
	GlobalSection(SolutionConfigurationPlatforms) = preSolution
		Debug|Any CPU = Debug|Any CPU
		Release|Any CPU = Release|Any CPU
	EndGlobalSection
	GlobalSection(ProjectConfigurationPlatforms) = postSolution
		{05089F2B-9FF2-4E05-BA12-0B37E120F764}.Debug|Any CPU.ActiveCfg = Debug|Any CPU
		{05089F2B-9FF2-4E05-BA12-0B37E120F764}.Debug|Any CPU.Build.0 = Debug|Any CPU
		{05089F2B-9FF2-4E05-BA12-0B37E120F764}.Release|Any CPU.ActiveCfg = Release|Any CPU
		{05089F2B-9FF2-4E05-BA12-0B37E120F764}.Release|Any CPU.Build.0 = Release|Any CPU
		{BAB69F74-D629-42A6-95C2-18433289F2E0}.Debug|Any CPU.ActiveCfg = Debug|Any CPU
		{BAB69F74-D629-42A6-95C2-18433289F2E0}.Debug|Any CPU.Build.0 = Debug|Any CPU
		{BAB69F74-D629-42A6-95C2-18433289F2E0}.Release|Any CPU.ActiveCfg = Release|Any CPU
		{BAB69F74-D629-42A6-95C2-18433289F2E0}.Release|Any CPU.Build.0 = Release|Any CPU
		{78B5BB75-2FD2-6626-88D0-1B6C3D7BF961}.Debug|Any CPU.ActiveCfg = Debug|Any CPU
		{78B5BB75-2FD2-6626-88D0-1B6C3D7BF961}.Debug|Any CPU.Build.0 = Debug|Any CPU
		{78B5BB75-2FD2-6626-88D0-1B6C3D7BF961}.Release|Any CPU.ActiveCfg = Release|Any CPU
		{78B5BB75-2FD2-6626-88D0-1B6C3D7BF961}.Release|Any CPU.Build.0 = Release|Any CPU
		{2C960C44-2278-496C-894B-D28D69592575}.Debug|Any CPU.ActiveCfg = Debug|Any CPU
		{2C960C44-2278-496C-894B-D28D69592575}.Debug|Any CPU.Build.0 = Debug|Any CPU
		{2C960C44-2278-496C-894B-D28D69592575}.Release|Any CPU.ActiveCfg = Release|Any CPU
		{2C960C44-2278-496C-894B-D28D69592575}.Release|Any CPU.Build.0 = Release|Any CPU
		{CAB8CA9F-5E9D-4FCF-A62A-1717B4C390A9}.Debug|Any CPU.ActiveCfg = Debug|Any CPU
		{CAB8CA9F-5E9D-4FCF-A62A-1717B4C390A9}.Debug|Any CPU.Build.0 = Debug|Any CPU
		{CAB8CA9F-5E9D-4FCF-A62A-1717B4C390A9}.Release|Any CPU.ActiveCfg = Release|Any CPU
		{CAB8CA9F-5E9D-4FCF-A62A-1717B4C390A9}.Release|Any CPU.Build.0 = Release|Any CPU
		{AFE89D3C-46B6-4059-BF4B-4C5FA93FF81B}.Debug|Any CPU.ActiveCfg = Debug|Any CPU
		{AFE89D3C-46B6-4059-BF4B-4C5FA93FF81B}.Debug|Any CPU.Build.0 = Debug|Any CPU
		{AFE89D3C-46B6-4059-BF4B-4C5FA93FF81B}.Release|Any CPU.ActiveCfg = Release|Any CPU
		{AFE89D3C-46B6-4059-BF4B-4C5FA93FF81B}.Release|Any CPU.Build.0 = Release|Any CPU
		{C33A3A61-0EAB-466F-8688-FA23F4347B69}.Debug|Any CPU.ActiveCfg = Debug|Any CPU
		{C33A3A61-0EAB-466F-8688-FA23F4347B69}.Debug|Any CPU.Build.0 = Debug|Any CPU
		{C33A3A61-0EAB-466F-8688-FA23F4347B69}.Release|Any CPU.ActiveCfg = Release|Any CPU
		{C33A3A61-0EAB-466F-8688-FA23F4347B69}.Release|Any CPU.Build.0 = Release|Any CPU
		{AF6BF021-A53E-406B-BBB1-AED72B8D0E44}.Debug|Any CPU.ActiveCfg = Debug|Any CPU
		{AF6BF021-A53E-406B-BBB1-AED72B8D0E44}.Debug|Any CPU.Build.0 = Debug|Any CPU
		{AF6BF021-A53E-406B-BBB1-AED72B8D0E44}.Release|Any CPU.ActiveCfg = Release|Any CPU
		{AF6BF021-A53E-406B-BBB1-AED72B8D0E44}.Release|Any CPU.Build.0 = Release|Any CPU
		{C4D9C3D1-F625-4B8E-97CA-50CA64EB9876}.Debug|Any CPU.ActiveCfg = Debug|Any CPU
		{C4D9C3D1-F625-4B8E-97CA-50CA64EB9876}.Debug|Any CPU.Build.0 = Debug|Any CPU
		{C4D9C3D1-F625-4B8E-97CA-50CA64EB9876}.Release|Any CPU.ActiveCfg = Release|Any CPU
		{C4D9C3D1-F625-4B8E-97CA-50CA64EB9876}.Release|Any CPU.Build.0 = Release|Any CPU
		{3FBA7CDD-0E88-4664-B205-C1216015DC21}.Debug|Any CPU.ActiveCfg = Debug|Any CPU
		{3FBA7CDD-0E88-4664-B205-C1216015DC21}.Debug|Any CPU.Build.0 = Debug|Any CPU
		{3FBA7CDD-0E88-4664-B205-C1216015DC21}.Release|Any CPU.ActiveCfg = Release|Any CPU
		{3FBA7CDD-0E88-4664-B205-C1216015DC21}.Release|Any CPU.Build.0 = Release|Any CPU
		{4FF64448-E4D8-4718-9579-619FB4F03276}.Debug|Any CPU.ActiveCfg = Debug|Any CPU
		{4FF64448-E4D8-4718-9579-619FB4F03276}.Debug|Any CPU.Build.0 = Debug|Any CPU
		{4FF64448-E4D8-4718-9579-619FB4F03276}.Release|Any CPU.ActiveCfg = Release|Any CPU
		{4FF64448-E4D8-4718-9579-619FB4F03276}.Release|Any CPU.Build.0 = Release|Any CPU
		{C5962389-7120-4061-B4B2-9E13B1C332E8}.Debug|Any CPU.ActiveCfg = Debug|Any CPU
		{C5962389-7120-4061-B4B2-9E13B1C332E8}.Debug|Any CPU.Build.0 = Debug|Any CPU
		{C5962389-7120-4061-B4B2-9E13B1C332E8}.Release|Any CPU.ActiveCfg = Release|Any CPU
		{C5962389-7120-4061-B4B2-9E13B1C332E8}.Release|Any CPU.Build.0 = Release|Any CPU
		{EDA3E483-4FC9-DDCD-0278-2216011F27C6}.Debug|Any CPU.ActiveCfg = Debug|Any CPU
		{EDA3E483-4FC9-DDCD-0278-2216011F27C6}.Debug|Any CPU.Build.0 = Debug|Any CPU
		{EDA3E483-4FC9-DDCD-0278-2216011F27C6}.Release|Any CPU.ActiveCfg = Release|Any CPU
		{EDA3E483-4FC9-DDCD-0278-2216011F27C6}.Release|Any CPU.Build.0 = Release|Any CPU
		{16ADBCA9-4667-4A46-348A-07FF2C80984D}.Debug|Any CPU.ActiveCfg = Debug|Any CPU
		{16ADBCA9-4667-4A46-348A-07FF2C80984D}.Debug|Any CPU.Build.0 = Debug|Any CPU
		{16ADBCA9-4667-4A46-348A-07FF2C80984D}.Release|Any CPU.ActiveCfg = Release|Any CPU
		{16ADBCA9-4667-4A46-348A-07FF2C80984D}.Release|Any CPU.Build.0 = Release|Any CPU
		{8520E7F9-016A-85CF-272F-4E9F7365F45A}.Debug|Any CPU.ActiveCfg = Debug|Any CPU
		{8520E7F9-016A-85CF-272F-4E9F7365F45A}.Debug|Any CPU.Build.0 = Debug|Any CPU
		{8520E7F9-016A-85CF-272F-4E9F7365F45A}.Release|Any CPU.ActiveCfg = Release|Any CPU
		{8520E7F9-016A-85CF-272F-4E9F7365F45A}.Release|Any CPU.Build.0 = Release|Any CPU
		{AA946B3E-8C7E-4FFD-BF70-FDD844327880}.Debug|Any CPU.ActiveCfg = Debug|Any CPU
		{AA946B3E-8C7E-4FFD-BF70-FDD844327880}.Debug|Any CPU.Build.0 = Debug|Any CPU
		{AA946B3E-8C7E-4FFD-BF70-FDD844327880}.Release|Any CPU.ActiveCfg = Release|Any CPU
		{AA946B3E-8C7E-4FFD-BF70-FDD844327880}.Release|Any CPU.Build.0 = Release|Any CPU
	EndGlobalSection
	GlobalSection(SolutionProperties) = preSolution
		HideSolutionNode = FALSE
	EndGlobalSection
	GlobalSection(NestedProjects) = preSolution
		{C5962389-7120-4061-B4B2-9E13B1C332E8} = {9A872EE1-4945-4299-8485-11425E9B25DC}
		{2C0D996B-F470-44D2-B045-3580249455B1} = {696EBD40-9305-47DD-9392-3AE967E93E09}
		{8520E7F9-016A-85CF-272F-4E9F7365F45A} = {19FD202B-0205-4250-9FB9-9D728241FB5D}
		{AA946B3E-8C7E-4FFD-BF70-FDD844327880} = {9A872EE1-4945-4299-8485-11425E9B25DC}
	EndGlobalSection
	GlobalSection(ExtensibilityGlobals) = postSolution
		SolutionGuid = {BCE8ECC7-D522-49B0-B6FD-E0C57E6E5E3C}
	EndGlobalSection
EndGlobal
