Microsoft Visual Studio Solution File, Format Version 12.00
# Visual Studio Version 17
VisualStudioVersion = 17.13.35723.152
MinimumVisualStudioVersion = 10.0.40219.1
Project("{FAE04EC0-301F-11D3-BF4B-00C04F79EFBC}") = "RedMist.TimingAndScoringService", "RedMist.TimingAndScoringService\RedMist.TimingAndScoringService.csproj", "{D58D11F3-B446-4BF9-8CC0-250A981A0BB7}"
EndProject
Project("{FAE04EC0-301F-11D3-BF4B-00C04F79EFBC}") = "RedMist.TimingCommon", "redmist-timing-common\RedMist.TimingCommon\RedMist.TimingCommon.csproj", "{0E3292A9-D018-8A12-0037-2B5F75C52CFA}"
EndProject
Global
	GlobalSection(SolutionConfigurationPlatforms) = preSolution
		Debug|Any CPU = Debug|Any CPU
		Release|Any CPU = Release|Any CPU
	EndGlobalSection
	GlobalSection(ProjectConfigurationPlatforms) = postSolution
		{D58D11F3-B446-4BF9-8CC0-250A981A0BB7}.Debug|Any CPU.ActiveCfg = Debug|Any CPU
		{D58D11F3-B446-4BF9-8CC0-250A981A0BB7}.Debug|Any CPU.Build.0 = Debug|Any CPU
		{D58D11F3-B446-4BF9-8CC0-250A981A0BB7}.Release|Any CPU.ActiveCfg = Release|Any CPU
		{D58D11F3-B446-4BF9-8CC0-250A981A0BB7}.Release|Any CPU.Build.0 = Release|Any CPU
		{0E3292A9-D018-8A12-0037-2B5F75C52CFA}.Debug|Any CPU.ActiveCfg = Debug|Any CPU
		{0E3292A9-D018-8A12-0037-2B5F75C52CFA}.Debug|Any CPU.Build.0 = Debug|Any CPU
		{0E3292A9-D018-8A12-0037-2B5F75C52CFA}.Release|Any CPU.ActiveCfg = Release|Any CPU
		{0E3292A9-D018-8A12-0037-2B5F75C52CFA}.Release|Any CPU.Build.0 = Release|Any CPU
	EndGlobalSection
	GlobalSection(SolutionProperties) = preSolution
		HideSolutionNode = FALSE
	EndGlobalSection
	GlobalSection(ExtensibilityGlobals) = postSolution
		SolutionGuid = {BCE8ECC7-D522-49B0-B6FD-E0C57E6E5E3C}
	EndGlobalSection
EndGlobal
