Microsoft Visual Studio Solution File, Format Version 12.00
# Visual Studio Version 17
VisualStudioVersion = 17.13.35723.152
MinimumVisualStudioVersion = 10.0.40219.1
Project("{FAE04EC0-301F-11D3-BF4B-00C04F79EFBC}") = "RedMist.TimingAndScoringService", "RedMist.TimingAndScoringService\RedMist.TimingAndScoringService.csproj", "{D58D11F3-B446-4BF9-8CC0-250A981A0BB7}"
EndProject
Project("{FAE04EC0-301F-11D3-BF4B-00C04F79EFBC}") = "RedMist.TimingCommon", "redmist-timing-common\RedMist.TimingCommon\RedMist.TimingCommon.csproj", "{0E3292A9-D018-8A12-0037-2B5F75C52CFA}"
EndProject
Project("{FAE04EC0-301F-11D3-BF4B-00C04F79EFBC}") = "RedMist.TimingAndScoringService.Tests", "RedMist.TimingAndScoringService.Tests\RedMist.TimingAndScoringService.Tests.csproj", "{05089F2B-9FF2-4E05-BA12-0B37E120F764}"
EndProject
Project("{FAE04EC0-301F-11D3-BF4B-00C04F79EFBC}") = "BigMission.TestHelpers", "unit-test-helpers\BigMission.TestHelpers\BigMission.TestHelpers.csproj", "{A89399C2-B15E-3013-7BFD-256CCC13C04E}"
EndProject
Project("{FAE04EC0-301F-11D3-BF4B-00C04F79EFBC}") = "StackRedis.L1", "StackRedis.L1\StackRedis.L1\StackRedis.L1.csproj", "{9A753518-85EA-2D45-E25D-14ACF9CFDC2A}"
EndProject
Project("{2150E333-8FDC-42A3-9474-1A3956D46DE8}") = "submodules", "submodules", "{02EA681E-C7D8-13C7-8484-4AC65E1B71E8}"
EndProject
Project("{FAE04EC0-301F-11D3-BF4B-00C04F79EFBC}") = "RedMist.EventManagement", "RedMist.EventManagement\RedMist.EventManagement.csproj", "{FFC86B7B-B790-41FA-8242-70A06EDB6180}"
EndProject
Global
	GlobalSection(SolutionConfigurationPlatforms) = preSolution
		Debug|Any CPU = Debug|Any CPU
		Release|Any CPU = Release|Any CPU
	EndGlobalSection
	GlobalSection(ProjectConfigurationPlatforms) = postSolution
		{D58D11F3-B446-4BF9-8CC0-250A981A0BB7}.Debug|Any CPU.ActiveCfg = Debug|Any CPU
		{D58D11F3-B446-4BF9-8CC0-250A981A0BB7}.Debug|Any CPU.Build.0 = Debug|Any CPU
		{D58D11F3-B446-4BF9-8CC0-250A981A0BB7}.Release|Any CPU.ActiveCfg = Release|Any CPU
		{D58D11F3-B446-4BF9-8CC0-250A981A0BB7}.Release|Any CPU.Build.0 = Release|Any CPU
		{0E3292A9-D018-8A12-0037-2B5F75C52CFA}.Debug|Any CPU.ActiveCfg = Debug|Any CPU
		{0E3292A9-D018-8A12-0037-2B5F75C52CFA}.Debug|Any CPU.Build.0 = Debug|Any CPU
		{0E3292A9-D018-8A12-0037-2B5F75C52CFA}.Release|Any CPU.ActiveCfg = Release|Any CPU
		{0E3292A9-D018-8A12-0037-2B5F75C52CFA}.Release|Any CPU.Build.0 = Release|Any CPU
		{05089F2B-9FF2-4E05-BA12-0B37E120F764}.Debug|Any CPU.ActiveCfg = Debug|Any CPU
		{05089F2B-9FF2-4E05-BA12-0B37E120F764}.Debug|Any CPU.Build.0 = Debug|Any CPU
		{05089F2B-9FF2-4E05-BA12-0B37E120F764}.Release|Any CPU.ActiveCfg = Release|Any CPU
		{05089F2B-9FF2-4E05-BA12-0B37E120F764}.Release|Any CPU.Build.0 = Release|Any CPU
		{A89399C2-B15E-3013-7BFD-256CCC13C04E}.Debug|Any CPU.ActiveCfg = Debug|Any CPU
		{A89399C2-B15E-3013-7BFD-256CCC13C04E}.Debug|Any CPU.Build.0 = Debug|Any CPU
		{A89399C2-B15E-3013-7BFD-256CCC13C04E}.Release|Any CPU.ActiveCfg = Release|Any CPU
		{A89399C2-B15E-3013-7BFD-256CCC13C04E}.Release|Any CPU.Build.0 = Release|Any CPU
		{9A753518-85EA-2D45-E25D-14ACF9CFDC2A}.Debug|Any CPU.ActiveCfg = Debug|Any CPU
		{9A753518-85EA-2D45-E25D-14ACF9CFDC2A}.Debug|Any CPU.Build.0 = Debug|Any CPU
		{9A753518-85EA-2D45-E25D-14ACF9CFDC2A}.Release|Any CPU.ActiveCfg = Release|Any CPU
		{9A753518-85EA-2D45-E25D-14ACF9CFDC2A}.Release|Any CPU.Build.0 = Release|Any CPU
		{FFC86B7B-B790-41FA-8242-70A06EDB6180}.Debug|Any CPU.ActiveCfg = Debug|Any CPU
		{FFC86B7B-B790-41FA-8242-70A06EDB6180}.Debug|Any CPU.Build.0 = Debug|Any CPU
		{FFC86B7B-B790-41FA-8242-70A06EDB6180}.Release|Any CPU.ActiveCfg = Release|Any CPU
		{FFC86B7B-B790-41FA-8242-70A06EDB6180}.Release|Any CPU.Build.0 = Release|Any CPU
	EndGlobalSection
	GlobalSection(SolutionProperties) = preSolution
		HideSolutionNode = FALSE
	EndGlobalSection
	GlobalSection(NestedProjects) = preSolution
		{0E3292A9-D018-8A12-0037-2B5F75C52CFA} = {02EA681E-C7D8-13C7-8484-4AC65E1B71E8}
		{A89399C2-B15E-3013-7BFD-256CCC13C04E} = {02EA681E-C7D8-13C7-8484-4AC65E1B71E8}
		{9A753518-85EA-2D45-E25D-14ACF9CFDC2A} = {02EA681E-C7D8-13C7-8484-4AC65E1B71E8}
	EndGlobalSection
	GlobalSection(ExtensibilityGlobals) = postSolution
		SolutionGuid = {BCE8ECC7-D522-49B0-B6FD-E0C57E6E5E3C}
	EndGlobalSection
EndGlobal
