dependencies:
- name: redis-operator
  repository: https://spotahome.github.io/redis-operator
  version: 3.2.9
- name: redmist-event-management
  repository: ""
  version: 0.1.0
- name: redmist-event-orchestration
  repository: ""
  version: 0.1.0
- name: redmist-external-data-collection
  repository: ""
  version: 0.1.0
- name: redmist-relay-api
  repository: ""
  version: 0.1.0
- name: redmist-sponsor-data-rollup
  repository: ""
  version: 0.1.0
- name: redmist-social-compose
  repository: ""
  version: 0.1.0
- name: redmist-post-event-reports
  repository: ""
  version: 0.1.0
- name: redmist-sponsor-reports
  repository: ""
  version: 0.1.0
- name: redmist-status-api
  repository: ""
  version: 0.1.0
- name: redmist-user-management
  repository: ""
  version: 0.1.0
digest: sha256:c9c4c10b167ca77486acb147ce9466759ea8ed8b8b99fb3abbe810380fee34ea
generated: "2026-09-19T15:48:32.4841092-06:00"
