dependencies:
- name: redis-operator
  repository: https://spotahome.github.io/redis-operator
  version: 3.2.9
- name: redmist-event-management
  repository: ""
  version: 0.1.0
- name: redmist-event-orchestration
  repository: ""
  version: 0.1.0
- name: redmist-external-data-collection
  repository: ""
  version: 0.1.0
- name: redmist-relay-api
  repository: ""
  version: 0.1.0
- name: redmist-sponsor-data-rollup
  repository: ""
  version: 0.1.0
- name: redmist-sponsor-reports
  repository: ""
  version: 0.1.0
- name: redmist-status-api
  repository: ""
  version: 0.1.0
- name: redmist-user-management
  repository: ""
  version: 0.1.0
digest: sha256:eaddd0863d882066183b55d483b82ce70ae05eb4f79277caefe564df221707e9
generated: "2026-08-09T12:22:06.9731888-06:00"
